# This file is automatically @generated by Cargo.
# It is not intended for manual editing.
version = 4

[[package]]
name = "gc-core"
version = "0.1.0"

[[package]]
name = "gc-harness"
version = "0.1.0"
dependencies = [
 "gc-core",
 "gc-workloads",
]

[[package]]
name = "gc-mod01"
version = "0.1.0"
dependencies = [
 "gc-core",
 "gc-workloads",
]

[[package]]
name = "gc-mod02"
version = "0.1.0"
dependencies = [
 "gc-core",
 "gc-harness",
 "gc-workloads",
]

[[package]]
name = "gc-mod03"
version = "0.1.0"
dependencies = [
 "gc-core",
 "gc-harness",
 "gc-workloads",
]

[[package]]
name = "gc-mod04"
version = "0.1.0"
dependencies = [
 "gc-core",
 "gc-harness",
 "gc-workloads",
]

[[package]]
name = "gc-mod05"
version = "0.1.0"
dependencies = [
 "gc-core",
 "gc-harness",
 "gc-workloads",
]

[[package]]
name = "gc-mod06"
version = "0.1.0"
dependencies = [
 "gc-core",
 "gc-harness",
 "gc-workloads",
]

[[package]]
name = "gc-mod07"
version = "0.1.0"
dependencies = [
 "gc-core",
 "gc-harness",
 "gc-workloads",
]

[[package]]
name = "gc-mod08"
version = "0.1.0"
dependencies = [
 "gc-core",
 "gc-harness",
 "gc-workloads",
]

[[package]]
name = "gc-workloads"
version = "0.1.0"
dependencies = [
 "gc-core",
]
